
Microsoft Visual Studio Solution File, Format Version 12.00
# Visual Studio Version 17
VisualStudioVersion = 17.9.34616.47
MinimumVisualStudioVersion = 10.0.40219.1
Project("{9A19103F-16F7-4668-BE54-9A1E7A4F7556}") = "crudapitesting", "crudapitesting.csproj", "{4E17606D-B134-4BB7-A870-8B467C9C4F6C}"
EndProject
Global
	GlobalSection(SolutionConfigurationPlatforms) = preSolution
		Debug|Any CPU = Debug|Any CPU
		Release|Any CPU = Release|Any CPU
	EndGlobalSection
	GlobalSection(ProjectConfigurationPlatforms) = postSolution
		{4E17606D-B134-4BB7-A870-8B467C9C4F6C}.Debug|Any CPU.ActiveCfg = Debug|Any CPU
		{4E17606D-B134-4BB7-A870-8B467C9C4F6C}.Debug|Any CPU.Build.0 = Debug|Any CPU
		{4E17606D-B134-4BB7-A870-8B467C9C4F6C}.Release|Any CPU.ActiveCfg = Release|Any CPU
		{4E17606D-B134-4BB7-A870-8B467C9C4F6C}.Release|Any CPU.Build.0 = Release|Any CPU
	EndGlobalSection
	GlobalSection(SolutionProperties) = preSolution
		HideSolutionNode = FALSE
	EndGlobalSection
	GlobalSection(ExtensibilityGlobals) = postSolution
		SolutionGuid = {DC31D897-9577-4CD2-BDA4-F3724A098F9A}
	EndGlobalSection
EndGlobal
